
Microsoft Visual Studio Solution File, Format Version 12.00
# Visual Studio Version 16
VisualStudioVersion = 16.0.29806.167
MinimumVisualStudioVersion = 10.0.40219.1
Project("{FAE04EC0-301F-11D3-BF4B-00C04F79EFBC}") = "Corona's Bizarre Adventure", "Corona's Bizarre Adventure.csproj", "{FE919B80-1556-4E3F-B91C-7515FBCA4CDD}"
EndProject
Global
	GlobalSection(SolutionConfigurationPlatforms) = preSolution
		Debug|Any CPU = Debug|Any CPU
		Release|Any CPU = Release|Any CPU
	EndGlobalSection
	GlobalSection(ProjectConfigurationPlatforms) = postSolution
		{FE919B80-1556-4E3F-B91C-7515FBCA4CDD}.Debug|Any CPU.ActiveCfg = Debug|Any CPU
		{FE919B80-1556-4E3F-B91C-7515FBCA4CDD}.Debug|Any CPU.Build.0 = Debug|Any CPU
		{FE919B80-1556-4E3F-B91C-7515FBCA4CDD}.Release|Any CPU.ActiveCfg = Release|Any CPU
		{FE919B80-1556-4E3F-B91C-7515FBCA4CDD}.Release|Any CPU.Build.0 = Release|Any CPU
	EndGlobalSection
	GlobalSection(SolutionProperties) = preSolution
		HideSolutionNode = FALSE
	EndGlobalSection
	GlobalSection(ExtensibilityGlobals) = postSolution
		SolutionGuid = {3238F8BB-01E8-4817-9D88-E8B699878E34}
	EndGlobalSection
EndGlobal
